
Microsoft Visual Studio Solution File, Format Version 12.00
# Visual Studio Version 16
VisualStudioVersion = 16.0.30804.86
MinimumVisualStudioVersion = 10.0.40219.1
Project("{9A19103F-16F7-4668-BE54-9A1E7A4F7556}") = "SimpleGame", "SimpleGame\SimpleGame.csproj", "{A1374EE0-B958-46C8-97F0-7B109800A081}"
EndProject
Project("{9A19103F-16F7-4668-BE54-9A1E7A4F7556}") = "SimpleGame.API", "SimpleGame.API\SimpleGame.API.csproj", "{5CB5E9FD-246B-444D-AC86-8ABB8FAC8353}"
EndProject
Project("{9A19103F-16F7-4668-BE54-9A1E7A4F7556}") = "SimplePlugin", "SimplePlugin\SimplePlugin.csproj", "{C3A52231-2CC9-47F3-B013-359F88A0DECF}"
EndProject
Global
	GlobalSection(SolutionConfigurationPlatforms) = preSolution
		Debug|Any CPU = Debug|Any CPU
		Release|Any CPU = Release|Any CPU
	EndGlobalSection
	GlobalSection(ProjectConfigurationPlatforms) = postSolution
		{A1374EE0-B958-46C8-97F0-7B109800A081}.Debug|Any CPU.ActiveCfg = Debug|Any CPU
		{A1374EE0-B958-46C8-97F0-7B109800A081}.Debug|Any CPU.Build.0 = Debug|Any CPU
		{A1374EE0-B958-46C8-97F0-7B109800A081}.Release|Any CPU.ActiveCfg = Release|Any CPU
		{A1374EE0-B958-46C8-97F0-7B109800A081}.Release|Any CPU.Build.0 = Release|Any CPU
		{5CB5E9FD-246B-444D-AC86-8ABB8FAC8353}.Debug|Any CPU.ActiveCfg = Debug|Any CPU
		{5CB5E9FD-246B-444D-AC86-8ABB8FAC8353}.Debug|Any CPU.Build.0 = Debug|Any CPU
		{5CB5E9FD-246B-444D-AC86-8ABB8FAC8353}.Release|Any CPU.ActiveCfg = Release|Any CPU
		{5CB5E9FD-246B-444D-AC86-8ABB8FAC8353}.Release|Any CPU.Build.0 = Release|Any CPU
		{C3A52231-2CC9-47F3-B013-359F88A0DECF}.Debug|Any CPU.ActiveCfg = Debug|Any CPU
		{C3A52231-2CC9-47F3-B013-359F88A0DECF}.Debug|Any CPU.Build.0 = Debug|Any CPU
		{C3A52231-2CC9-47F3-B013-359F88A0DECF}.Release|Any CPU.ActiveCfg = Release|Any CPU
		{C3A52231-2CC9-47F3-B013-359F88A0DECF}.Release|Any CPU.Build.0 = Release|Any CPU
	EndGlobalSection
	GlobalSection(SolutionProperties) = preSolution
		HideSolutionNode = FALSE
	EndGlobalSection
	GlobalSection(ExtensibilityGlobals) = postSolution
		SolutionGuid = {997668B4-9859-4E85-844D-DDBF640AEB1B}
	EndGlobalSection
EndGlobal
